
Microsoft Visual Studio Solution File, Format Version 12.00
# Visual Studio Version 17
VisualStudioVersion = 17.8.34316.72
MinimumVisualStudioVersion = 10.0.40219.1
Project("{FAE04EC0-301F-11D3-BF4B-00C04F79EFBC}") = "Task_2", "Task_2\Task_2.csproj", "{5359C235-B668-423C-B490-80B436539EBC}"
EndProject
Global
	GlobalSection(SolutionConfigurationPlatforms) = preSolution
		Debug|Any CPU = Debug|Any CPU
		Release|Any CPU = Release|Any CPU
	EndGlobalSection
	GlobalSection(ProjectConfigurationPlatforms) = postSolution
		{5359C235-B668-423C-B490-80B436539EBC}.Debug|Any CPU.ActiveCfg = Debug|Any CPU
		{5359C235-B668-423C-B490-80B436539EBC}.Debug|Any CPU.Build.0 = Debug|Any CPU
		{5359C235-B668-423C-B490-80B436539EBC}.Release|Any CPU.ActiveCfg = Release|Any CPU
		{5359C235-B668-423C-B490-80B436539EBC}.Release|Any CPU.Build.0 = Release|Any CPU
	EndGlobalSection
	GlobalSection(SolutionProperties) = preSolution
		HideSolutionNode = FALSE
	EndGlobalSection
	GlobalSection(ExtensibilityGlobals) = postSolution
		SolutionGuid = {62966749-B3DB-4A2E-B35D-C04ECFCA4B29}
	EndGlobalSection
EndGlobal
